
Microsoft Visual Studio Solution File, Format Version 12.00
# Visual Studio Version 17
VisualStudioVersion = 17.5.33502.453
MinimumVisualStudioVersion = 10.0.40219.1
Project("{9A19103F-16F7-4668-BE54-9A1E7A4F7556}") = "EndAuth.API", "EndAuth\EndAuth.API.csproj", "{D3B1489C-A970-4071-B75D-7D6676A72738}"
EndProject
Project("{9A19103F-16F7-4668-BE54-9A1E7A4F7556}") = "EndAuth.Persistance", "EndAuth.Persistance\EndAuth.Persistance.csproj", "{2537EF48-8ABF-42BC-909E-F93224DB6C61}"
EndProject
Project("{9A19103F-16F7-4668-BE54-9A1E7A4F7556}") = "EndAuth.Domain", "EndAuth.Domain\EndAuth.Domain.csproj", "{D08CC550-861A-4A8C-B025-A585ECA29C14}"
EndProject
Project("{9A19103F-16F7-4668-BE54-9A1E7A4F7556}") = "EndAuth.Application", "EndAuth.Application\EndAuth.Application.csproj", "{2CA65FC3-5504-43D7-9B32-93649B231E33}"
EndProject
Project("{2150E333-8FDC-42A3-9474-1A3956D46DE8}") = "Presentation", "Presentation", "{EEE7F293-6F31-4813-866C-4C3C4DD8832D}"
EndProject
Project("{2150E333-8FDC-42A3-9474-1A3956D46DE8}") = "Core", "Core", "{E4889D4F-8199-45DF-93A5-2AD03528C11A}"
EndProject
Project("{2150E333-8FDC-42A3-9474-1A3956D46DE8}") = "Infrastructure", "Infrastructure", "{026C4C78-6295-44EC-87F3-63FFE0C269D2}"
	ProjectSection(SolutionItems) = preProject
		EndAuth.Shared\DependencyInjection.cs = EndAuth.Shared\DependencyInjection.cs
	EndProjectSection
EndProject
Project("{9A19103F-16F7-4668-BE54-9A1E7A4F7556}") = "EndAuth.Shared", "EndAuth.Shared\EndAuth.Shared.csproj", "{E5D35A31-848C-437E-AD52-3F03FE35A725}"
EndProject
Project("{9A19103F-16F7-4668-BE54-9A1E7A4F7556}") = "EndAuth.JwtProvider", "EndAuth.JwtProvider\EndAuth.JwtProvider.csproj", "{B7324BFE-31C7-429F-8206-6C14E400A914}"
EndProject
Project("{2150E333-8FDC-42A3-9474-1A3956D46DE8}") = "Tests", "Tests", "{48425A14-54DD-4467-AC8B-16BA7B860380}"
EndProject
Project("{9A19103F-16F7-4668-BE54-9A1E7A4F7556}") = "UnitTests.Application", "UnitTests.Application\UnitTests.Application.csproj", "{1781EE73-A2B2-455A-867D-B5581C5CDFAF}"
EndProject
Project("{9A19103F-16F7-4668-BE54-9A1E7A4F7556}") = "EndAuthSimpleClient", "EndAuthSimpleClient\EndAuthSimpleClient.csproj", "{CF3B1793-183A-4B6C-A0CA-2B96D140B977}"
EndProject
Project("{FAE04EC0-301F-11D3-BF4B-00C04F79EFBC}") = "EndAuth.Infrastructure", "EndAuth.Infrastructure\EndAuth.Infrastructure.csproj", "{40F9FF5F-8BF3-4D6C-B409-AB000478044C}"
EndProject
Global
	GlobalSection(SolutionConfigurationPlatforms) = preSolution
		Debug|Any CPU = Debug|Any CPU
		Release|Any CPU = Release|Any CPU
	EndGlobalSection
	GlobalSection(ProjectConfigurationPlatforms) = postSolution
		{D3B1489C-A970-4071-B75D-7D6676A72738}.Debug|Any CPU.ActiveCfg = Debug|Any CPU
		{D3B1489C-A970-4071-B75D-7D6676A72738}.Debug|Any CPU.Build.0 = Debug|Any CPU
		{D3B1489C-A970-4071-B75D-7D6676A72738}.Release|Any CPU.ActiveCfg = Release|Any CPU
		{D3B1489C-A970-4071-B75D-7D6676A72738}.Release|Any CPU.Build.0 = Release|Any CPU
		{2537EF48-8ABF-42BC-909E-F93224DB6C61}.Debug|Any CPU.ActiveCfg = Debug|Any CPU
		{2537EF48-8ABF-42BC-909E-F93224DB6C61}.Debug|Any CPU.Build.0 = Debug|Any CPU
		{2537EF48-8ABF-42BC-909E-F93224DB6C61}.Release|Any CPU.ActiveCfg = Release|Any CPU
		{2537EF48-8ABF-42BC-909E-F93224DB6C61}.Release|Any CPU.Build.0 = Release|Any CPU
		{D08CC550-861A-4A8C-B025-A585ECA29C14}.Debug|Any CPU.ActiveCfg = Debug|Any CPU
		{D08CC550-861A-4A8C-B025-A585ECA29C14}.Debug|Any CPU.Build.0 = Debug|Any CPU
		{D08CC550-861A-4A8C-B025-A585ECA29C14}.Release|Any CPU.ActiveCfg = Release|Any CPU
		{D08CC550-861A-4A8C-B025-A585ECA29C14}.Release|Any CPU.Build.0 = Release|Any CPU
		{2CA65FC3-5504-43D7-9B32-93649B231E33}.Debug|Any CPU.ActiveCfg = Debug|Any CPU
		{2CA65FC3-5504-43D7-9B32-93649B231E33}.Debug|Any CPU.Build.0 = Debug|Any CPU
		{2CA65FC3-5504-43D7-9B32-93649B231E33}.Release|Any CPU.ActiveCfg = Release|Any CPU
		{2CA65FC3-5504-43D7-9B32-93649B231E33}.Release|Any CPU.Build.0 = Release|Any CPU
		{E5D35A31-848C-437E-AD52-3F03FE35A725}.Debug|Any CPU.ActiveCfg = Debug|Any CPU
		{E5D35A31-848C-437E-AD52-3F03FE35A725}.Debug|Any CPU.Build.0 = Debug|Any CPU
		{E5D35A31-848C-437E-AD52-3F03FE35A725}.Release|Any CPU.ActiveCfg = Release|Any CPU
		{E5D35A31-848C-437E-AD52-3F03FE35A725}.Release|Any CPU.Build.0 = Release|Any CPU
		{B7324BFE-31C7-429F-8206-6C14E400A914}.Debug|Any CPU.ActiveCfg = Debug|Any CPU
		{B7324BFE-31C7-429F-8206-6C14E400A914}.Debug|Any CPU.Build.0 = Debug|Any CPU
		{B7324BFE-31C7-429F-8206-6C14E400A914}.Release|Any CPU.ActiveCfg = Release|Any CPU
		{B7324BFE-31C7-429F-8206-6C14E400A914}.Release|Any CPU.Build.0 = Release|Any CPU
		{1781EE73-A2B2-455A-867D-B5581C5CDFAF}.Debug|Any CPU.ActiveCfg = Debug|Any CPU
		{1781EE73-A2B2-455A-867D-B5581C5CDFAF}.Debug|Any CPU.Build.0 = Debug|Any CPU
		{1781EE73-A2B2-455A-867D-B5581C5CDFAF}.Release|Any CPU.ActiveCfg = Release|Any CPU
		{1781EE73-A2B2-455A-867D-B5581C5CDFAF}.Release|Any CPU.Build.0 = Release|Any CPU
		{CF3B1793-183A-4B6C-A0CA-2B96D140B977}.Debug|Any CPU.ActiveCfg = Debug|Any CPU
		{CF3B1793-183A-4B6C-A0CA-2B96D140B977}.Debug|Any CPU.Build.0 = Debug|Any CPU
		{CF3B1793-183A-4B6C-A0CA-2B96D140B977}.Release|Any CPU.ActiveCfg = Release|Any CPU
		{CF3B1793-183A-4B6C-A0CA-2B96D140B977}.Release|Any CPU.Build.0 = Release|Any CPU
		{40F9FF5F-8BF3-4D6C-B409-AB000478044C}.Debug|Any CPU.ActiveCfg = Debug|Any CPU
		{40F9FF5F-8BF3-4D6C-B409-AB000478044C}.Debug|Any CPU.Build.0 = Debug|Any CPU
		{40F9FF5F-8BF3-4D6C-B409-AB000478044C}.Release|Any CPU.ActiveCfg = Release|Any CPU
		{40F9FF5F-8BF3-4D6C-B409-AB000478044C}.Release|Any CPU.Build.0 = Release|Any CPU
	EndGlobalSection
	GlobalSection(SolutionProperties) = preSolution
		HideSolutionNode = FALSE
	EndGlobalSection
	GlobalSection(NestedProjects) = preSolution
		{D3B1489C-A970-4071-B75D-7D6676A72738} = {EEE7F293-6F31-4813-866C-4C3C4DD8832D}
		{2537EF48-8ABF-42BC-909E-F93224DB6C61} = {026C4C78-6295-44EC-87F3-63FFE0C269D2}
		{D08CC550-861A-4A8C-B025-A585ECA29C14} = {E4889D4F-8199-45DF-93A5-2AD03528C11A}
		{2CA65FC3-5504-43D7-9B32-93649B231E33} = {E4889D4F-8199-45DF-93A5-2AD03528C11A}
		{E5D35A31-848C-437E-AD52-3F03FE35A725} = {E4889D4F-8199-45DF-93A5-2AD03528C11A}
		{B7324BFE-31C7-429F-8206-6C14E400A914} = {026C4C78-6295-44EC-87F3-63FFE0C269D2}
		{1781EE73-A2B2-455A-867D-B5581C5CDFAF} = {48425A14-54DD-4467-AC8B-16BA7B860380}
		{40F9FF5F-8BF3-4D6C-B409-AB000478044C} = {026C4C78-6295-44EC-87F3-63FFE0C269D2}
	EndGlobalSection
	GlobalSection(ExtensibilityGlobals) = postSolution
		SolutionGuid = {6277F581-64BF-4CF3-A214-A640DFD7AC9C}
	EndGlobalSection
EndGlobal
